{
  "nodes": {
    "nixpkgs": {
      "locked": {
        "lastModified": 1684225006,
        "narHash": "sha256-q7ABR3ldedZL9FUrYicE0CO9OTU199P8AxJBsQJMkEk=",
        "owner": "nixos",
        "repo": "nixpkgs",
        "rev": "c8f6370f7daf435d51d137dcbd80c7ebad1f21f2",
        "type": "github"
      },
      "original": {
        "owner": "nixos",
        "repo": "nixpkgs",
        "rev": "c8f6370f7daf435d51d137dcbd80c7ebad1f21f2",
        "type": "github"
      }
    },
    "root": {
      "inputs": {
        "nixpkgs": "nixpkgs"
      }
    }
  },
  "root": "root",
  "version": 7
}
